
Microsoft Visual Studio Solution File, Format Version 12.00
# Visual Studio Version 16
VisualStudioVersion = 16.0.33027.164
MinimumVisualStudioVersion = 10.0.40219.1
Project("{FAE04EC0-301F-11D3-BF4B-00C04F79EFBC}") = "Examen2Observer", "Examen2Observer\Examen2Observer.csproj", "{7ECBD7AD-73A4-4C83-9507-B11B813CD57E}"
EndProject
Project("{FAE04EC0-301F-11D3-BF4B-00C04F79EFBC}") = "Controller", "Controller\Controller.csproj", "{642C528F-C288-46FC-BD7C-1E322A6EF6C9}"
EndProject
Project("{FAE04EC0-301F-11D3-BF4B-00C04F79EFBC}") = "PropiedadesBE", "PropiedadesBE\PropiedadesBE.csproj", "{9B667B7B-989A-4F1B-883B-D07AA0F6ED4D}"
EndProject
Global
	GlobalSection(SolutionConfigurationPlatforms) = preSolution
		Debug|Any CPU = Debug|Any CPU
		Release|Any CPU = Release|Any CPU
	EndGlobalSection
	GlobalSection(ProjectConfigurationPlatforms) = postSolution
		{7ECBD7AD-73A4-4C83-9507-B11B813CD57E}.Debug|Any CPU.ActiveCfg = Debug|Any CPU
		{7ECBD7AD-73A4-4C83-9507-B11B813CD57E}.Debug|Any CPU.Build.0 = Debug|Any CPU
		{7ECBD7AD-73A4-4C83-9507-B11B813CD57E}.Release|Any CPU.ActiveCfg = Release|Any CPU
		{7ECBD7AD-73A4-4C83-9507-B11B813CD57E}.Release|Any CPU.Build.0 = Release|Any CPU
		{642C528F-C288-46FC-BD7C-1E322A6EF6C9}.Debug|Any CPU.ActiveCfg = Debug|Any CPU
		{642C528F-C288-46FC-BD7C-1E322A6EF6C9}.Debug|Any CPU.Build.0 = Debug|Any CPU
		{642C528F-C288-46FC-BD7C-1E322A6EF6C9}.Release|Any CPU.ActiveCfg = Release|Any CPU
		{642C528F-C288-46FC-BD7C-1E322A6EF6C9}.Release|Any CPU.Build.0 = Release|Any CPU
		{9B667B7B-989A-4F1B-883B-D07AA0F6ED4D}.Debug|Any CPU.ActiveCfg = Debug|Any CPU
		{9B667B7B-989A-4F1B-883B-D07AA0F6ED4D}.Debug|Any CPU.Build.0 = Debug|Any CPU
		{9B667B7B-989A-4F1B-883B-D07AA0F6ED4D}.Release|Any CPU.ActiveCfg = Release|Any CPU
		{9B667B7B-989A-4F1B-883B-D07AA0F6ED4D}.Release|Any CPU.Build.0 = Release|Any CPU
	EndGlobalSection
	GlobalSection(SolutionProperties) = preSolution
		HideSolutionNode = FALSE
	EndGlobalSection
	GlobalSection(ExtensibilityGlobals) = postSolution
		SolutionGuid = {037781DB-9F0F-4283-8957-18E504AC0CC6}
	EndGlobalSection
EndGlobal
